{
    "version": 3,
    "terraform_version": "0.11.13",
    "serial": 1,
    "lineage": "e10bd35d-7913-f158-628c-6a2e9e1de707",
    "modules": [
        {
            "path": [
                "root"
            ],
            "outputs": {},
            "resources": {
                "aws_instance.web": {
                    "type": "aws_instance",
                    "depends_on": [],
                    "primary": {
                        "id": "i-0697221221352abd3",
                        "attributes": {
                            "ami": "ami-02354e95b39ca8dec",
                            "arn": "arn:aws:ec2:us-east-1:361874532765:instance/i-0697221221352abd3",
                            "associate_public_ip_address": "true",
                            "availability_zone": "us-east-1d",
                            "cpu_core_count": "1",
                            "cpu_threads_per_core": "1",
                            "credit_specification.#": "1",
                            "credit_specification.0.cpu_credits": "standard",
                            "disable_api_termination": "false",
                            "ebs_block_device.#": "0",
                            "ebs_optimized": "false",
                            "ephemeral_block_device.#": "0",
                            "get_password_data": "false",
                            "hibernation": "false",
                            "iam_instance_profile": "",
                            "id": "i-0697221221352abd3",
                            "instance_state": "running",
                            "instance_type": "t2.micro",
                            "ipv6_address_count": "0",
                            "ipv6_addresses.#": "0",
                            "key_name": "",
                            "metadata_options.#": "1",
                            "metadata_options.0.http_endpoint": "enabled",
                            "metadata_options.0.http_put_response_hop_limit": "1",
                            "metadata_options.0.http_tokens": "optional",
                            "monitoring": "false",
                            "network_interface.#": "0",
                            "outpost_arn": "",
                            "password_data": "",
                            "placement_group": "",
                            "primary_network_interface_id": "eni-092248b683f97af37",
                            "private_dns": "ip-172-31-31-92.ec2.internal",
                            "private_ip": "172.31.31.92",
                            "public_dns": "ec2-34-229-179-19.compute-1.amazonaws.com",
                            "public_ip": "34.229.179.19",
                            "root_block_device.#": "1",
                            "root_block_device.0.delete_on_termination": "true",
                            "root_block_device.0.device_name": "/dev/xvda",
                            "root_block_device.0.encrypted": "false",
                            "root_block_device.0.iops": "100",
                            "root_block_device.0.kms_key_id": "",
                            "root_block_device.0.volume_id": "vol-00e6f735db3654313",
                            "root_block_device.0.volume_size": "8",
                            "root_block_device.0.volume_type": "gp2",
                            "security_groups.#": "1",
                            "security_groups.3814588639": "default",
                            "source_dest_check": "true",
                            "subnet_id": "subnet-852f50c8",
                            "tags.%": "0",
                            "tenancy": "default",
                            "volume_tags.%": "0",
                            "vpc_security_group_ids.#": "1",
                            "vpc_security_group_ids.3913159078": "sg-051bf33a"
                        },
                        "meta": {
                            "e2bfb730-ecaa-11e6-8f88-34363bc7c4c0": {
                                "create": 600000000000,
                                "delete": 1200000000000,
                                "update": 600000000000
                            },
                            "schema_version": "1"
                        },
                        "tainted": false
                    },
                    "deposed": [],
                    "provider": "provider.aws"
                },
                "aws_key_pair.class": {
                    "type": "aws_key_pair",
                    "depends_on": [],
                    "primary": {
                        "id": "class2-key",
                        "attributes": {
                            "arn": "arn:aws:ec2:us-east-1:361874532765:key-pair/class2-key",
                            "fingerprint": "5a:7e:82:64:d3:f8:c4:99:67:02:da:6e:3e:7f:42:64",
                            "id": "class2-key",
                            "key_name": "class2-key",
                            "key_pair_id": "key-0a65c07678fd05892",
                            "public_key": "ssh-rsa AAAAB3NzaC1yc2EAAAADAQABAAABAQCyFnEqzHU5ni1i5koM7J7woTBL2Wso4ctJ8415xhX5H5SQjJPC8025+OtCI4NugBh35LFE65KMa1ofoaJcWJ31HXrhXLW4s4Sv1oTAMus4os0E6rpI+EgMRtwWRg7PiPD2BK3P342u3Sz97jqAUM9qvo9ClhI8EsowqGZCU9PC8BvMHFsqCCNxSYk3RmY7+CeHuyKELd3ybid68MKVqLKk7iPKEpBkDvMZcYa/XGZKHTca/tBdg2YmlP0bz9PvimQ6faw+0uNAo5U2XF55GI9vvMOYZqzTnfLi8QqS9/pDcfjwofqRxkznRXuqy8PyWdtXujxXyfNkp+F0ZDsTVL6v ec2-user@Bastion",
                            "tags.%": "0"
                        },
                        "meta": {
                            "schema_version": "1"
                        },
                        "tainted": false
                    },
                    "deposed": [],
                    "provider": "provider.aws"
                }
            },
            "depends_on": []
        }
    ]
}
