{
    "version": 3,
    "terraform_version": "0.11.13",
    "serial": 8,
    "lineage": "9b77344d-6734-acab-2aa6-d280f2b35aea",
    "modules": [
        {
            "path": [
                "root"
            ],
            "outputs": {
                "AZ": {
                    "sensitive": false,
                    "type": "string",
                    "value": "us-east-1a"
                },
                "DNS": {
                    "sensitive": false,
                    "type": "string",
                    "value": "www.bemakylbekova.com"
                },
                "Key_name": {
                    "sensitive": false,
                    "type": "string",
                    "value": "Bastion"
                },
                "PIP": {
                    "sensitive": false,
                    "type": "string",
                    "value": "3.81.56.46"
                }
            },
            "resources": {
                "aws_instance.Ubuntu": {
                    "type": "aws_instance",
                    "depends_on": [
                        "aws_key_pair.Bastion",
                        "aws_security_group.task2"
                    ],
                    "primary": {
                        "id": "i-045907d19fcbf3fd5",
                        "attributes": {
                            "ami": "ami-0739f8cdb239fe9ae",
                            "arn": "arn:aws:ec2:us-east-1:361874532765:instance/i-045907d19fcbf3fd5",
                            "associate_public_ip_address": "true",
                            "availability_zone": "us-east-1a",
                            "cpu_core_count": "1",
                            "cpu_threads_per_core": "1",
                            "credit_specification.#": "1",
                            "credit_specification.0.cpu_credits": "standard",
                            "disable_api_termination": "false",
                            "ebs_block_device.#": "0",
                            "ebs_optimized": "false",
                            "ephemeral_block_device.#": "0",
                            "get_password_data": "false",
                            "hibernation": "false",
                            "iam_instance_profile": "",
                            "id": "i-045907d19fcbf3fd5",
                            "instance_state": "running",
                            "instance_type": "t2.micro",
                            "ipv6_address_count": "0",
                            "ipv6_addresses.#": "0",
                            "key_name": "Bastion",
                            "metadata_options.#": "1",
                            "metadata_options.0.http_endpoint": "enabled",
                            "metadata_options.0.http_put_response_hop_limit": "1",
                            "metadata_options.0.http_tokens": "optional",
                            "monitoring": "false",
                            "network_interface.#": "0",
                            "outpost_arn": "",
                            "password_data": "",
                            "placement_group": "",
                            "primary_network_interface_id": "eni-0a582b9856329242f",
                            "private_dns": "ip-172-31-34-18.ec2.internal",
                            "private_ip": "172.31.34.18",
                            "public_dns": "ec2-3-81-56-46.compute-1.amazonaws.com",
                            "public_ip": "3.81.56.46",
                            "root_block_device.#": "1",
                            "root_block_device.0.delete_on_termination": "true",
                            "root_block_device.0.device_name": "/dev/sda1",
                            "root_block_device.0.encrypted": "false",
                            "root_block_device.0.iops": "100",
                            "root_block_device.0.kms_key_id": "",
                            "root_block_device.0.volume_id": "vol-04c0d92f284ca6cdf",
                            "root_block_device.0.volume_size": "8",
                            "root_block_device.0.volume_type": "gp2",
                            "security_groups.#": "1",
                            "security_groups.1367544977": "task2",
                            "source_dest_check": "true",
                            "subnet_id": "subnet-e706afb8",
                            "tags.%": "2",
                            "tags.Environment": "Dev",
                            "tags.Name": "Ubuntu",
                            "tenancy": "default",
                            "user_data": "dd4acf0593d8120b7579c44622078e29f65df5b4",
                            "volume_tags.%": "0",
                            "vpc_security_group_ids.#": "1",
                            "vpc_security_group_ids.4294729187": "sg-0bd6faf2cc7a9ff68"
                        },
                        "meta": {
                            "e2bfb730-ecaa-11e6-8f88-34363bc7c4c0": {
                                "create": 600000000000,
                                "delete": 1200000000000,
                                "update": 600000000000
                            },
                            "schema_version": "1"
                        },
                        "tainted": false
                    },
                    "deposed": [],
                    "provider": "provider.aws"
                },
                "aws_key_pair.Bastion": {
                    "type": "aws_key_pair",
                    "depends_on": [],
                    "primary": {
                        "id": "Bastion",
                        "attributes": {
                            "arn": "arn:aws:ec2:us-east-1:361874532765:key-pair/Bastion",
                            "fingerprint": "5a:7e:82:64:d3:f8:c4:99:67:02:da:6e:3e:7f:42:64",
                            "id": "Bastion",
                            "key_name": "Bastion",
                            "key_pair_id": "key-0536852fcc6f848d0",
                            "public_key": "ssh-rsa AAAAB3NzaC1yc2EAAAADAQABAAABAQCyFnEqzHU5ni1i5koM7J7woTBL2Wso4ctJ8415xhX5H5SQjJPC8025+OtCI4NugBh35LFE65KMa1ofoaJcWJ31HXrhXLW4s4Sv1oTAMus4os0E6rpI+EgMRtwWRg7PiPD2BK3P342u3Sz97jqAUM9qvo9ClhI8EsowqGZCU9PC8BvMHFsqCCNxSYk3RmY7+CeHuyKELd3ybid68MKVqLKk7iPKEpBkDvMZcYa/XGZKHTca/tBdg2YmlP0bz9PvimQ6faw+0uNAo5U2XF55GI9vvMOYZqzTnfLi8QqS9/pDcfjwofqRxkznRXuqy8PyWdtXujxXyfNkp+F0ZDsTVL6v ec2-user@Bastion",
                            "tags.%": "0"
                        },
                        "meta": {
                            "schema_version": "1"
                        },
                        "tainted": false
                    },
                    "deposed": [],
                    "provider": "provider.aws"
                },
                "aws_route53_record.www": {
                    "type": "aws_route53_record",
                    "depends_on": [
                        "aws_instance.Ubuntu"
                    ],
                    "primary": {
                        "id": "Z06490493RA5PJG43RM0H_www.bemakylbekova.com_A",
                        "attributes": {
                            "fqdn": "www.bemakylbekova.com",
                            "health_check_id": "",
                            "id": "Z06490493RA5PJG43RM0H_www.bemakylbekova.com_A",
                            "name": "www.bemakylbekova.com",
                            "records.#": "1",
                            "records.3039106843": "3.81.56.46",
                            "set_identifier": "",
                            "ttl": "5",
                            "type": "A",
                            "zone_id": "Z06490493RA5PJG43RM0H"
                        },
                        "meta": {
                            "schema_version": "2"
                        },
                        "tainted": false
                    },
                    "deposed": [],
                    "provider": "provider.aws"
                },
                "aws_security_group.task2": {
                    "type": "aws_security_group",
                    "depends_on": [],
                    "primary": {
                        "id": "sg-0bd6faf2cc7a9ff68",
                        "attributes": {
                            "arn": "arn:aws:ec2:us-east-1:361874532765:security-group/sg-0bd6faf2cc7a9ff68",
                            "description": "Allow TLS inbound traffic",
                            "egress.#": "1",
                            "egress.482069346.cidr_blocks.#": "1",
                            "egress.482069346.cidr_blocks.0": "0.0.0.0/0",
                            "egress.482069346.description": "",
                            "egress.482069346.from_port": "0",
                            "egress.482069346.ipv6_cidr_blocks.#": "0",
                            "egress.482069346.prefix_list_ids.#": "0",
                            "egress.482069346.protocol": "-1",
                            "egress.482069346.security_groups.#": "0",
                            "egress.482069346.self": "false",
                            "egress.482069346.to_port": "0",
                            "id": "sg-0bd6faf2cc7a9ff68",
                            "ingress.#": "4",
                            "ingress.1650761905.cidr_blocks.#": "1",
                            "ingress.1650761905.cidr_blocks.0": "0.0.0.0/0",
                            "ingress.1650761905.description": "TLS from VPC",
                            "ingress.1650761905.from_port": "443",
                            "ingress.1650761905.ipv6_cidr_blocks.#": "0",
                            "ingress.1650761905.prefix_list_ids.#": "0",
                            "ingress.1650761905.protocol": "tcp",
                            "ingress.1650761905.security_groups.#": "0",
                            "ingress.1650761905.self": "false",
                            "ingress.1650761905.to_port": "443",
                            "ingress.2156912855.cidr_blocks.#": "1",
                            "ingress.2156912855.cidr_blocks.0": "0.0.0.0/0",
                            "ingress.2156912855.description": "TLS from VPC",
                            "ingress.2156912855.from_port": "80",
                            "ingress.2156912855.ipv6_cidr_blocks.#": "0",
                            "ingress.2156912855.prefix_list_ids.#": "0",
                            "ingress.2156912855.protocol": "tcp",
                            "ingress.2156912855.security_groups.#": "0",
                            "ingress.2156912855.self": "false",
                            "ingress.2156912855.to_port": "80",
                            "ingress.22768159.cidr_blocks.#": "1",
                            "ingress.22768159.cidr_blocks.0": "0.0.0.0/0",
                            "ingress.22768159.description": "TLS from VPC",
                            "ingress.22768159.from_port": "22",
                            "ingress.22768159.ipv6_cidr_blocks.#": "0",
                            "ingress.22768159.prefix_list_ids.#": "0",
                            "ingress.22768159.protocol": "tcp",
                            "ingress.22768159.security_groups.#": "0",
                            "ingress.22768159.self": "false",
                            "ingress.22768159.to_port": "22",
                            "ingress.340458120.cidr_blocks.#": "1",
                            "ingress.340458120.cidr_blocks.0": "0.0.0.0/0",
                            "ingress.340458120.description": "TLS from VPC",
                            "ingress.340458120.from_port": "25",
                            "ingress.340458120.ipv6_cidr_blocks.#": "0",
                            "ingress.340458120.prefix_list_ids.#": "0",
                            "ingress.340458120.protocol": "tcp",
                            "ingress.340458120.security_groups.#": "0",
                            "ingress.340458120.self": "false",
                            "ingress.340458120.to_port": "25",
                            "name": "task2",
                            "owner_id": "361874532765",
                            "revoke_rules_on_delete": "false",
                            "tags.%": "0",
                            "vpc_id": "vpc-e6cf379b"
                        },
                        "meta": {
                            "e2bfb730-ecaa-11e6-8f88-34363bc7c4c0": {
                                "create": 600000000000,
                                "delete": 600000000000
                            },
                            "schema_version": "1"
                        },
                        "tainted": false
                    },
                    "deposed": [],
                    "provider": "provider.aws"
                }
            },
            "depends_on": []
        }
    ]
}
