{
    "version": 3,
    "terraform_version": "0.11.13",
    "serial": 6,
    "lineage": "a4a80adb-96f7-4c06-b382-72bbda3827db",
    "modules": [
        {
            "path": [
                "root"
            ],
            "outputs": {},
            "resources": {
                "aws_ebs_volume.Centos6": {
                    "type": "aws_ebs_volume",
                    "depends_on": [],
                    "primary": {
                        "id": "vol-0fc4e51ecb93373e8",
                        "attributes": {
                            "arn": "arn:aws:ec2:us-east-1:361874532765:volume/vol-0fc4e51ecb93373e8",
                            "availability_zone": "us-east-1a",
                            "encrypted": "false",
                            "id": "vol-0fc4e51ecb93373e8",
                            "iops": "300",
                            "kms_key_id": "",
                            "multi_attach_enabled": "false",
                            "outpost_arn": "",
                            "size": "100",
                            "snapshot_id": "",
                            "tags.%": "1",
                            "tags.Name": "/dev/sdi",
                            "type": "gp2"
                        },
                        "meta": {},
                        "tainted": false
                    },
                    "deposed": [],
                    "provider": "provider.aws"
                },
                "aws_eip.lb": {
                    "type": "aws_eip",
                    "depends_on": [
                        "aws_instance.Centos6"
                    ],
                    "primary": {
                        "id": "eipalloc-069724256dc4f28ce",
                        "attributes": {
                            "association_id": "eipassoc-0304ed4039e870a7d",
                            "customer_owned_ip": "",
                            "customer_owned_ipv4_pool": "",
                            "domain": "vpc",
                            "id": "eipalloc-069724256dc4f28ce",
                            "instance": "i-0d06d885bb4ea5db9",
                            "network_interface": "eni-0e959e5498e63013e",
                            "private_dns": "ip-172-31-85-77.ec2.internal",
                            "private_ip": "172.31.85.77",
                            "public_dns": "ec2-35-168-207-117.compute-1.amazonaws.com",
                            "public_ip": "35.168.207.117",
                            "public_ipv4_pool": "amazon",
                            "tags.%": "0",
                            "vpc": "true"
                        },
                        "meta": {
                            "e2bfb730-ecaa-11e6-8f88-34363bc7c4c0": {
                                "delete": 180000000000,
                                "read": 900000000000,
                                "update": 300000000000
                            }
                        },
                        "tainted": false
                    },
                    "deposed": [],
                    "provider": "provider.aws"
                },
                "aws_iam_policy.policy": {
                    "type": "aws_iam_policy",
                    "depends_on": [],
                    "primary": {
                        "id": "arn:aws:iam::361874532765:policy/AdminAccess",
                        "attributes": {
                            "arn": "arn:aws:iam::361874532765:policy/AdminAccess",
                            "description": "A test policy",
                            "id": "arn:aws:iam::361874532765:policy/AdminAccess",
                            "name": "AdminAccess",
                            "path": "/",
                            "policy": "{\n  \"Version\": \"2012-10-17\",\n  \"Statement\": [\n    {\n      \"Action\": [\n        \"ec2:Describe*\"\n      ],\n      \"Effect\": \"Allow\",\n      \"Resource\": \"*\"\n    }\n  ]\n}\n"
                        },
                        "meta": {},
                        "tainted": false
                    },
                    "deposed": [],
                    "provider": "provider.aws"
                },
                "aws_iam_role.Admin_role": {
                    "type": "aws_iam_role",
                    "depends_on": [],
                    "primary": {
                        "id": "admin",
                        "attributes": {
                            "arn": "arn:aws:iam::361874532765:role/admin",
                            "assume_role_policy": "{\"Version\":\"2012-10-17\",\"Statement\":[{\"Sid\":\"\",\"Effect\":\"Allow\",\"Principal\":{\"Service\":\"ec2.amazonaws.com\"},\"Action\":\"sts:AssumeRole\"}]}",
                            "create_date": "2020-11-17T19:55:17Z",
                            "description": "",
                            "force_detach_policies": "false",
                            "id": "admin",
                            "max_session_duration": "3600",
                            "name": "admin",
                            "path": "/",
                            "tags.%": "0",
                            "unique_id": "AROAVIQLHFGOSIZJ2DYXR"
                        },
                        "meta": {},
                        "tainted": false
                    },
                    "deposed": [],
                    "provider": "provider.aws"
                },
                "aws_instance.Centos6": {
                    "type": "aws_instance",
                    "depends_on": [
                        "aws_key_pair.Centos6"
                    ],
                    "primary": {
                        "id": "i-0d06d885bb4ea5db9",
                        "attributes": {
                            "ami": "ami-e3fdd999",
                            "arn": "arn:aws:ec2:us-east-1:361874532765:instance/i-0d06d885bb4ea5db9",
                            "associate_public_ip_address": "true",
                            "availability_zone": "us-east-1c",
                            "cpu_core_count": "1",
                            "cpu_threads_per_core": "1",
                            "credit_specification.#": "1",
                            "credit_specification.0.cpu_credits": "standard",
                            "disable_api_termination": "false",
                            "ebs_block_device.#": "0",
                            "ebs_optimized": "false",
                            "ephemeral_block_device.#": "0",
                            "get_password_data": "false",
                            "hibernation": "false",
                            "iam_instance_profile": "",
                            "id": "i-0d06d885bb4ea5db9",
                            "instance_state": "running",
                            "instance_type": "t2.micro",
                            "ipv6_address_count": "0",
                            "ipv6_addresses.#": "0",
                            "key_name": "Centos6s",
                            "metadata_options.#": "1",
                            "metadata_options.0.http_endpoint": "enabled",
                            "metadata_options.0.http_put_response_hop_limit": "1",
                            "metadata_options.0.http_tokens": "optional",
                            "monitoring": "false",
                            "network_interface.#": "0",
                            "outpost_arn": "",
                            "password_data": "",
                            "placement_group": "",
                            "primary_network_interface_id": "eni-0e959e5498e63013e",
                            "private_dns": "ip-172-31-85-77.ec2.internal",
                            "private_ip": "172.31.85.77",
                            "public_dns": "ec2-34-230-43-187.compute-1.amazonaws.com",
                            "public_ip": "34.230.43.187",
                            "root_block_device.#": "1",
                            "root_block_device.0.delete_on_termination": "false",
                            "root_block_device.0.device_name": "/dev/sda1",
                            "root_block_device.0.encrypted": "false",
                            "root_block_device.0.iops": "0",
                            "root_block_device.0.kms_key_id": "",
                            "root_block_device.0.volume_id": "vol-04f1ea74673292785",
                            "root_block_device.0.volume_size": "8",
                            "root_block_device.0.volume_type": "standard",
                            "security_groups.#": "1",
                            "security_groups.3814588639": "default",
                            "source_dest_check": "true",
                            "subnet_id": "subnet-fcf55fdd",
                            "tags.%": "0",
                            "tenancy": "default",
                            "volume_tags.%": "0",
                            "vpc_security_group_ids.#": "1",
                            "vpc_security_group_ids.3913159078": "sg-051bf33a"
                        },
                        "meta": {
                            "e2bfb730-ecaa-11e6-8f88-34363bc7c4c0": {
                                "create": 600000000000,
                                "delete": 1200000000000,
                                "update": 600000000000
                            },
                            "schema_version": "1"
                        },
                        "tainted": false
                    },
                    "deposed": [],
                    "provider": "provider.aws"
                },
                "aws_key_pair.Centos6": {
                    "type": "aws_key_pair",
                    "depends_on": [],
                    "primary": {
                        "id": "Centos6s",
                        "attributes": {
                            "arn": "arn:aws:ec2:us-east-1:361874532765:key-pair/Centos6s",
                            "fingerprint": "5a:7e:82:64:d3:f8:c4:99:67:02:da:6e:3e:7f:42:64",
                            "id": "Centos6s",
                            "key_name": "Centos6s",
                            "key_pair_id": "key-06727c9cbb7bce3b8",
                            "public_key": "ssh-rsa AAAAB3NzaC1yc2EAAAADAQABAAABAQCyFnEqzHU5ni1i5koM7J7woTBL2Wso4ctJ8415xhX5H5SQjJPC8025+OtCI4NugBh35LFE65KMa1ofoaJcWJ31HXrhXLW4s4Sv1oTAMus4os0E6rpI+EgMRtwWRg7PiPD2BK3P342u3Sz97jqAUM9qvo9ClhI8EsowqGZCU9PC8BvMHFsqCCNxSYk3RmY7+CeHuyKELd3ybid68MKVqLKk7iPKEpBkDvMZcYa/XGZKHTca/tBdg2YmlP0bz9PvimQ6faw+0uNAo5U2XF55GI9vvMOYZqzTnfLi8QqS9/pDcfjwofqRxkznRXuqy8PyWdtXujxXyfNkp+F0ZDsTVL6v ec2-user@Bastion",
                            "tags.%": "0"
                        },
                        "meta": {
                            "schema_version": "1"
                        },
                        "tainted": false
                    },
                    "deposed": [],
                    "provider": "provider.aws"
                }
            },
            "depends_on": []
        }
    ]
}
